
Microsoft Visual Studio Solution File, Format Version 12.00
# Visual Studio Version 16
VisualStudioVersion = 16.0.29102.190
MinimumVisualStudioVersion = 10.0.40219.1
Project("{FAE04EC0-301F-11D3-BF4B-00C04F79EFBC}") = "Van", "Van\Van.csproj", "{1B240007-13C5-47C8-9A7B-F128E81B7BBD}"
EndProject
Project("{FAE04EC0-301F-11D3-BF4B-00C04F79EFBC}") = "CustomControls", "CustomControls\CustomControls.csproj", "{98701113-C470-4C43-BD7F-9E10DFA8AFDC}"
EndProject
Project("{54435603-DBB4-11D2-8724-00A0C9A8B90C}") = "VanSetup", "VanSetup\VanSetup.vdproj", "{F1E44964-BEBC-48BB-9EA4-C026B4DC0A4A}"
EndProject
Global
	GlobalSection(SolutionConfigurationPlatforms) = preSolution
		Debug|Any CPU = Debug|Any CPU
		Release|Any CPU = Release|Any CPU
	EndGlobalSection
	GlobalSection(ProjectConfigurationPlatforms) = postSolution
		{1B240007-13C5-47C8-9A7B-F128E81B7BBD}.Debug|Any CPU.ActiveCfg = Debug|Any CPU
		{1B240007-13C5-47C8-9A7B-F128E81B7BBD}.Debug|Any CPU.Build.0 = Debug|Any CPU
		{1B240007-13C5-47C8-9A7B-F128E81B7BBD}.Release|Any CPU.ActiveCfg = Release|Any CPU
		{1B240007-13C5-47C8-9A7B-F128E81B7BBD}.Release|Any CPU.Build.0 = Release|Any CPU
		{98701113-C470-4C43-BD7F-9E10DFA8AFDC}.Debug|Any CPU.ActiveCfg = Debug|Any CPU
		{98701113-C470-4C43-BD7F-9E10DFA8AFDC}.Debug|Any CPU.Build.0 = Debug|Any CPU
		{98701113-C470-4C43-BD7F-9E10DFA8AFDC}.Release|Any CPU.ActiveCfg = Release|Any CPU
		{98701113-C470-4C43-BD7F-9E10DFA8AFDC}.Release|Any CPU.Build.0 = Release|Any CPU
		{F1E44964-BEBC-48BB-9EA4-C026B4DC0A4A}.Debug|Any CPU.ActiveCfg = Debug
		{F1E44964-BEBC-48BB-9EA4-C026B4DC0A4A}.Release|Any CPU.ActiveCfg = Release
	EndGlobalSection
	GlobalSection(SolutionProperties) = preSolution
		HideSolutionNode = FALSE
	EndGlobalSection
	GlobalSection(ExtensibilityGlobals) = postSolution
		SolutionGuid = {066A8BB9-4DB6-4624-9646-23C8098C4F5D}
	EndGlobalSection
EndGlobal
