
Microsoft Visual Studio Solution File, Format Version 12.00
# Visual Studio Version 16
VisualStudioVersion = 16.0.29102.190
MinimumVisualStudioVersion = 10.0.40219.1
Project("{FAE04EC0-301F-11D3-BF4B-00C04F79EFBC}") = "Van", "Van\Van.csproj", "{1B240007-13C5-47C8-9A7B-F128E81B7BBD}"
EndProject
Project("{FAE04EC0-301F-11D3-BF4B-00C04F79EFBC}") = "Van.Core", "Van.Core\Van.Core.csproj", "{0BC71053-CFD5-4D29-B37D-B4B1519327CA}"
EndProject
Global
	GlobalSection(SolutionConfigurationPlatforms) = preSolution
		Debug|Any CPU = Debug|Any CPU
		Release|Any CPU = Release|Any CPU
	EndGlobalSection
	GlobalSection(ProjectConfigurationPlatforms) = postSolution
		{1B240007-13C5-47C8-9A7B-F128E81B7BBD}.Debug|Any CPU.ActiveCfg = Debug|Any CPU
		{1B240007-13C5-47C8-9A7B-F128E81B7BBD}.Debug|Any CPU.Build.0 = Debug|Any CPU
		{1B240007-13C5-47C8-9A7B-F128E81B7BBD}.Release|Any CPU.ActiveCfg = Release|Any CPU
		{1B240007-13C5-47C8-9A7B-F128E81B7BBD}.Release|Any CPU.Build.0 = Release|Any CPU
		{0BC71053-CFD5-4D29-B37D-B4B1519327CA}.Debug|Any CPU.ActiveCfg = Debug|Any CPU
		{0BC71053-CFD5-4D29-B37D-B4B1519327CA}.Debug|Any CPU.Build.0 = Debug|Any CPU
		{0BC71053-CFD5-4D29-B37D-B4B1519327CA}.Release|Any CPU.ActiveCfg = Release|Any CPU
		{0BC71053-CFD5-4D29-B37D-B4B1519327CA}.Release|Any CPU.Build.0 = Release|Any CPU
	EndGlobalSection
	GlobalSection(SolutionProperties) = preSolution
		HideSolutionNode = FALSE
	EndGlobalSection
	GlobalSection(ExtensibilityGlobals) = postSolution
		SolutionGuid = {066A8BB9-4DB6-4624-9646-23C8098C4F5D}
	EndGlobalSection
EndGlobal
